
Microsoft Visual Studio Solution File, Format Version 12.00
# Visual Studio Version 17
VisualStudioVersion = 17.13.35913.81 d17.13
MinimumVisualStudioVersion = 10.0.40219.1
Project("{FAE04EC0-301F-11D3-BF4B-00C04F79EFBC}") = "HW5 Inches", "HW5 Inches\HW5 Inches.csproj", "{AE4D20D1-9811-40B1-B889-7E67054FA191}"
EndProject
Global
	GlobalSection(SolutionConfigurationPlatforms) = preSolution
		Debug|Any CPU = Debug|Any CPU
		Release|Any CPU = Release|Any CPU
	EndGlobalSection
	GlobalSection(ProjectConfigurationPlatforms) = postSolution
		{AE4D20D1-9811-40B1-B889-7E67054FA191}.Debug|Any CPU.ActiveCfg = Debug|Any CPU
		{AE4D20D1-9811-40B1-B889-7E67054FA191}.Debug|Any CPU.Build.0 = Debug|Any CPU
		{AE4D20D1-9811-40B1-B889-7E67054FA191}.Release|Any CPU.ActiveCfg = Release|Any CPU
		{AE4D20D1-9811-40B1-B889-7E67054FA191}.Release|Any CPU.Build.0 = Release|Any CPU
	EndGlobalSection
	GlobalSection(SolutionProperties) = preSolution
		HideSolutionNode = FALSE
	EndGlobalSection
	GlobalSection(ExtensibilityGlobals) = postSolution
		SolutionGuid = {56F4508E-D2C4-4A72-B711-8CDE4DF98C35}
	EndGlobalSection
EndGlobal
