
Microsoft Visual Studio Solution File, Format Version 12.00
# Visual Studio Version 17
VisualStudioVersion = 17.13.35913.81 d17.13
MinimumVisualStudioVersion = 10.0.40219.1
Project("{FAE04EC0-301F-11D3-BF4B-00C04F79EFBC}") = "HW5 class", "HW5 class\HW5 class.csproj", "{896F5CC2-46D9-4F95-98BF-AFB4E8B364BB}"
EndProject
Global
	GlobalSection(SolutionConfigurationPlatforms) = preSolution
		Debug|Any CPU = Debug|Any CPU
		Release|Any CPU = Release|Any CPU
	EndGlobalSection
	GlobalSection(ProjectConfigurationPlatforms) = postSolution
		{896F5CC2-46D9-4F95-98BF-AFB4E8B364BB}.Debug|Any CPU.ActiveCfg = Debug|Any CPU
		{896F5CC2-46D9-4F95-98BF-AFB4E8B364BB}.Debug|Any CPU.Build.0 = Debug|Any CPU
		{896F5CC2-46D9-4F95-98BF-AFB4E8B364BB}.Release|Any CPU.ActiveCfg = Release|Any CPU
		{896F5CC2-46D9-4F95-98BF-AFB4E8B364BB}.Release|Any CPU.Build.0 = Release|Any CPU
	EndGlobalSection
	GlobalSection(SolutionProperties) = preSolution
		HideSolutionNode = FALSE
	EndGlobalSection
	GlobalSection(ExtensibilityGlobals) = postSolution
		SolutionGuid = {BFB7C862-8BE7-4FB4-B2CA-6BD5929DBAC6}
	EndGlobalSection
EndGlobal
